
Microsoft Visual Studio Solution File, Format Version 12.00
# Visual Studio 14
VisualStudioVersion = 14.0.25420.1
MinimumVisualStudioVersion = 10.0.40219.1
Project("{FAE04EC0-301F-11D3-BF4B-00C04F79EFBC}") = "MrChorder", "MrChorder\MrChorder.csproj", "{58EBCB28-86D4-4234-A4CD-3EA84B92A1A2}"
EndProject
Project("{FAE04EC0-301F-11D3-BF4B-00C04F79EFBC}") = "WavReader", "WavReader\WavReader.csproj", "{DD19F96D-59C9-4DEC-9CDE-ABC4512D0EE9}"
EndProject
Project("{FAE04EC0-301F-11D3-BF4B-00C04F79EFBC}") = "ToPDF", "ToPDF\ToPDF.csproj", "{6172D361-672D-4276-9A77-F6145A80F341}"
EndProject
Project("{FAE04EC0-301F-11D3-BF4B-00C04F79EFBC}") = "FFT", "FFT\FFT.csproj", "{E0D04D5A-F2C5-4834-92B5-9C29CA0BE269}"
EndProject
Global
	GlobalSection(SolutionConfigurationPlatforms) = preSolution
		Debug|Any CPU = Debug|Any CPU
		Release|Any CPU = Release|Any CPU
	EndGlobalSection
	GlobalSection(ProjectConfigurationPlatforms) = postSolution
		{58EBCB28-86D4-4234-A4CD-3EA84B92A1A2}.Debug|Any CPU.ActiveCfg = Debug|Any CPU
		{58EBCB28-86D4-4234-A4CD-3EA84B92A1A2}.Debug|Any CPU.Build.0 = Debug|Any CPU
		{58EBCB28-86D4-4234-A4CD-3EA84B92A1A2}.Release|Any CPU.ActiveCfg = Release|Any CPU
		{58EBCB28-86D4-4234-A4CD-3EA84B92A1A2}.Release|Any CPU.Build.0 = Release|Any CPU
		{DD19F96D-59C9-4DEC-9CDE-ABC4512D0EE9}.Debug|Any CPU.ActiveCfg = Debug|Any CPU
		{DD19F96D-59C9-4DEC-9CDE-ABC4512D0EE9}.Debug|Any CPU.Build.0 = Debug|Any CPU
		{DD19F96D-59C9-4DEC-9CDE-ABC4512D0EE9}.Release|Any CPU.ActiveCfg = Release|Any CPU
		{DD19F96D-59C9-4DEC-9CDE-ABC4512D0EE9}.Release|Any CPU.Build.0 = Release|Any CPU
		{6172D361-672D-4276-9A77-F6145A80F341}.Debug|Any CPU.ActiveCfg = Debug|Any CPU
		{6172D361-672D-4276-9A77-F6145A80F341}.Debug|Any CPU.Build.0 = Debug|Any CPU
		{6172D361-672D-4276-9A77-F6145A80F341}.Release|Any CPU.ActiveCfg = Release|Any CPU
		{6172D361-672D-4276-9A77-F6145A80F341}.Release|Any CPU.Build.0 = Release|Any CPU
		{E0D04D5A-F2C5-4834-92B5-9C29CA0BE269}.Debug|Any CPU.ActiveCfg = Debug|Any CPU
		{E0D04D5A-F2C5-4834-92B5-9C29CA0BE269}.Debug|Any CPU.Build.0 = Debug|Any CPU
		{E0D04D5A-F2C5-4834-92B5-9C29CA0BE269}.Release|Any CPU.ActiveCfg = Release|Any CPU
		{E0D04D5A-F2C5-4834-92B5-9C29CA0BE269}.Release|Any CPU.Build.0 = Release|Any CPU
	EndGlobalSection
	GlobalSection(SolutionProperties) = preSolution
		HideSolutionNode = FALSE
	EndGlobalSection
EndGlobal
