
Microsoft Visual Studio Solution File, Format Version 12.00
# Visual Studio 14
VisualStudioVersion = 14.0.23107.0
MinimumVisualStudioVersion = 10.0.40219.1
Project("{FAE04EC0-301F-11D3-BF4B-00C04F79EFBC}") = "DisplaySample", "DisplaySample\DisplaySample.csproj", "{268DF7D8-4E0E-4201-BCE4-4E0D309C8588}"
EndProject
Project("{FAE04EC0-301F-11D3-BF4B-00C04F79EFBC}") = "WavReader", "WavReader\WavReader.csproj", "{DD19F96D-59C9-4DEC-9CDE-ABC4512D0EE9}"
EndProject
Global
	GlobalSection(SolutionConfigurationPlatforms) = preSolution
		Debug|Any CPU = Debug|Any CPU
		Release|Any CPU = Release|Any CPU
	EndGlobalSection
	GlobalSection(ProjectConfigurationPlatforms) = postSolution
		{268DF7D8-4E0E-4201-BCE4-4E0D309C8588}.Debug|Any CPU.ActiveCfg = Debug|Any CPU
		{268DF7D8-4E0E-4201-BCE4-4E0D309C8588}.Debug|Any CPU.Build.0 = Debug|Any CPU
		{268DF7D8-4E0E-4201-BCE4-4E0D309C8588}.Release|Any CPU.ActiveCfg = Release|Any CPU
		{268DF7D8-4E0E-4201-BCE4-4E0D309C8588}.Release|Any CPU.Build.0 = Release|Any CPU
		{DD19F96D-59C9-4DEC-9CDE-ABC4512D0EE9}.Debug|Any CPU.ActiveCfg = Debug|Any CPU
		{DD19F96D-59C9-4DEC-9CDE-ABC4512D0EE9}.Debug|Any CPU.Build.0 = Debug|Any CPU
		{DD19F96D-59C9-4DEC-9CDE-ABC4512D0EE9}.Release|Any CPU.ActiveCfg = Release|Any CPU
		{DD19F96D-59C9-4DEC-9CDE-ABC4512D0EE9}.Release|Any CPU.Build.0 = Release|Any CPU
	EndGlobalSection
	GlobalSection(SolutionProperties) = preSolution
		HideSolutionNode = FALSE
	EndGlobalSection
EndGlobal
