
Microsoft Visual Studio Solution File, Format Version 12.00
# Visual Studio 14
<<<<<<< HEAD
VisualStudioVersion = 14.0.25420.1
MinimumVisualStudioVersion = 10.0.40219.1
Project("{FAE04EC0-301F-11D3-BF4B-00C04F79EFBC}") = "PDF", "PDF\PDF.csproj", "{8FEDD419-8369-42D1-8612-6B05A09C639A}"
EndProject
Project("{FAE04EC0-301F-11D3-BF4B-00C04F79EFBC}") = "Training", "Training\Training.csproj", "{E0DAEE21-9650-4E8E-8011-95277D861905}"
EndProject
Project("{FAE04EC0-301F-11D3-BF4B-00C04F79EFBC}") = "SampleProcess", "SampleProcess\SampleProcess.csproj", "{EDFF3B2F-A0F1-45F7-8A89-766702846DBC}"
=======
VisualStudioVersion = 14.0.24720.0
MinimumVisualStudioVersion = 10.0.40219.1
Project("{FAE04EC0-301F-11D3-BF4B-00C04F79EFBC}") = "PDF", "PDF\PDF.csproj", "{33E2D456-18EB-444A-A530-55DDC8D6F22E}"
EndProject
Project("{FAE04EC0-301F-11D3-BF4B-00C04F79EFBC}") = "Training", "Training\Training.csproj", "{197D71C7-DCB9-4D32-88AC-9D13E2811B09}"
>>>>>>> d52c8c2d2a9a61b8135f6917fcc8eec87f496d44
EndProject
Global
	GlobalSection(SolutionConfigurationPlatforms) = preSolution
		Debug|Any CPU = Debug|Any CPU
		Release|Any CPU = Release|Any CPU
	EndGlobalSection
	GlobalSection(ProjectConfigurationPlatforms) = postSolution
<<<<<<< HEAD
		{8FEDD419-8369-42D1-8612-6B05A09C639A}.Debug|Any CPU.ActiveCfg = Debug|Any CPU
		{8FEDD419-8369-42D1-8612-6B05A09C639A}.Debug|Any CPU.Build.0 = Debug|Any CPU
		{8FEDD419-8369-42D1-8612-6B05A09C639A}.Release|Any CPU.ActiveCfg = Release|Any CPU
		{8FEDD419-8369-42D1-8612-6B05A09C639A}.Release|Any CPU.Build.0 = Release|Any CPU
		{E0DAEE21-9650-4E8E-8011-95277D861905}.Debug|Any CPU.ActiveCfg = Debug|Any CPU
		{E0DAEE21-9650-4E8E-8011-95277D861905}.Debug|Any CPU.Build.0 = Debug|Any CPU
		{E0DAEE21-9650-4E8E-8011-95277D861905}.Release|Any CPU.ActiveCfg = Release|Any CPU
		{E0DAEE21-9650-4E8E-8011-95277D861905}.Release|Any CPU.Build.0 = Release|Any CPU
		{EDFF3B2F-A0F1-45F7-8A89-766702846DBC}.Debug|Any CPU.ActiveCfg = Debug|Any CPU
		{EDFF3B2F-A0F1-45F7-8A89-766702846DBC}.Debug|Any CPU.Build.0 = Debug|Any CPU
		{EDFF3B2F-A0F1-45F7-8A89-766702846DBC}.Release|Any CPU.ActiveCfg = Release|Any CPU
		{EDFF3B2F-A0F1-45F7-8A89-766702846DBC}.Release|Any CPU.Build.0 = Release|Any CPU
=======
		{33E2D456-18EB-444A-A530-55DDC8D6F22E}.Debug|Any CPU.ActiveCfg = Debug|Any CPU
		{33E2D456-18EB-444A-A530-55DDC8D6F22E}.Debug|Any CPU.Build.0 = Debug|Any CPU
		{33E2D456-18EB-444A-A530-55DDC8D6F22E}.Release|Any CPU.ActiveCfg = Release|Any CPU
		{33E2D456-18EB-444A-A530-55DDC8D6F22E}.Release|Any CPU.Build.0 = Release|Any CPU
		{197D71C7-DCB9-4D32-88AC-9D13E2811B09}.Debug|Any CPU.ActiveCfg = Debug|Any CPU
		{197D71C7-DCB9-4D32-88AC-9D13E2811B09}.Debug|Any CPU.Build.0 = Debug|Any CPU
		{197D71C7-DCB9-4D32-88AC-9D13E2811B09}.Release|Any CPU.ActiveCfg = Release|Any CPU
		{197D71C7-DCB9-4D32-88AC-9D13E2811B09}.Release|Any CPU.Build.0 = Release|Any CPU
>>>>>>> d52c8c2d2a9a61b8135f6917fcc8eec87f496d44
	EndGlobalSection
	GlobalSection(SolutionProperties) = preSolution
		HideSolutionNode = FALSE
	EndGlobalSection
EndGlobal
